PODS:
  - IQKeyboardManagerSwift (6.5.5)
  - KeychainSwift (19.0.0)
  - QuickLayout (3.0.0)
  - SDWebImage (5.8.1):
    - SDWebImage/Core (= 5.8.1)
  - SDWebImage/Core (5.8.1)
  - SwiftEntryKit (1.2.3):
    - QuickLayout (= 3.0.0)

DEPENDENCIES:
  - IQKeyboardManagerSwift
  - KeychainSwift
  - SDWebImage
  - SwiftEntryKit (= 1.2.3)

SPEC REPOS:
  trunk:
    - IQKeyboardManagerSwift
    - KeychainSwift
    - QuickLayout
    - SDWebImage
    - SwiftEntryKit

SPEC CHECKSUMS:
  IQKeyboardManagerSwift: 0fb93310284665245591f50f7a5e38de615960b7
  KeychainSwift: a06190cf933ad46b1e0abc3d77d29c06331715c7
  QuickLayout: 07b45a72b10083fee3f095990cfed1c1e7b27f0a
  SDWebImage: e3eae2eda88578db0685a0c88597fdadd9433f05
  SwiftEntryKit: 340713c2e4a6662c5149629990bf1088bf5f0389

PODFILE CHECKSUM: 0ba0c68422ef4c8521533ce7dd9075de4c42f93b

COCOAPODS: 1.9.1
